
Microsoft Visual Studio Solution File, Format Version 12.00
# Visual Studio 15
VisualStudioVersion = 15.0.27703.2026
MinimumVisualStudioVersion = 10.0.40219.1
Project("{FAE04EC0-301F-11D3-BF4B-00C04F79EFBC}") = "Server", "Server\Server.csproj", "{90B51AB3-3E77-4CB1-9DC1-9AE52A8F793F}"
EndProject
Project("{FAE04EC0-301F-11D3-BF4B-00C04F79EFBC}") = "Client", "Client\Client.csproj", "{DE830482-3209-41AE-8EAC-18A4337B5177}"
EndProject
Global
	GlobalSection(SolutionConfigurationPlatforms) = preSolution
		Debug|Any CPU = Debug|Any CPU
		Release|Any CPU = Release|Any CPU
	EndGlobalSection
	GlobalSection(ProjectConfigurationPlatforms) = postSolution
		{90B51AB3-3E77-4CB1-9DC1-9AE52A8F793F}.Debug|Any CPU.ActiveCfg = Debug|Any CPU
		{90B51AB3-3E77-4CB1-9DC1-9AE52A8F793F}.Debug|Any CPU.Build.0 = Debug|Any CPU
		{90B51AB3-3E77-4CB1-9DC1-9AE52A8F793F}.Release|Any CPU.ActiveCfg = Release|Any CPU
		{90B51AB3-3E77-4CB1-9DC1-9AE52A8F793F}.Release|Any CPU.Build.0 = Release|Any CPU
		{DE830482-3209-41AE-8EAC-18A4337B5177}.Debug|Any CPU.ActiveCfg = Debug|Any CPU
		{DE830482-3209-41AE-8EAC-18A4337B5177}.Debug|Any CPU.Build.0 = Debug|Any CPU
		{DE830482-3209-41AE-8EAC-18A4337B5177}.Release|Any CPU.ActiveCfg = Release|Any CPU
		{DE830482-3209-41AE-8EAC-18A4337B5177}.Release|Any CPU.Build.0 = Release|Any CPU
	EndGlobalSection
	GlobalSection(SolutionProperties) = preSolution
		HideSolutionNode = FALSE
	EndGlobalSection
	GlobalSection(ExtensibilityGlobals) = postSolution
		SolutionGuid = {70ACF638-ACAD-48A1-8802-8501BA6DA2FF}
	EndGlobalSection
EndGlobal
